
Microsoft Visual Studio Solution File, Format Version 12.00
# Visual Studio 15
VisualStudioVersion = 15.0.28307.136
MinimumVisualStudioVersion = 10.0.40219.1
Project("{9A19103F-16F7-4668-BE54-9A1E7A4F7556}") = "Kata.Features.BankOCR.Services", "Kata\Kata.Features.BankOCR.Services.csproj", "{2BE577CB-984E-4F58-A070-88D6CDE4C5DF}"
EndProject
Project("{9A19103F-16F7-4668-BE54-9A1E7A4F7556}") = "Kata.Features.BankOCR.Tests", "Kata.Tests\Kata.Features.BankOCR.Tests.csproj", "{2A08F044-C104-4080-8E8B-97811CD64781}"
EndProject
Project("{9A19103F-16F7-4668-BE54-9A1E7A4F7556}") = "Kata.Features.BankOCR.Interfaces", "Kata.Interfaces\Kata.Features.BankOCR.Interfaces.csproj", "{1C34524E-4BFD-48BA-9751-E365DF085491}"
EndProject
Project("{9A19103F-16F7-4668-BE54-9A1E7A4F7556}") = "Kata.Features.BankOCR.Models", "Kata.Models\Kata.Features.BankOCR.Models.csproj", "{99BD73F9-47DA-4B4B-8836-A916B9329ED6}"
EndProject
Project("{2150E333-8FDC-42A3-9474-1A3956D46DE8}") = "Solution Items", "Solution Items", "{0E58383D-7D2E-4F0E-82E4-565EC54B90AD}"
	ProjectSection(SolutionItems) = preProject
		ReadMe.MD = ReadMe.MD
		TechDebt.txt = TechDebt.txt
	EndProjectSection
EndProject
Project("{9A19103F-16F7-4668-BE54-9A1E7A4F7556}") = "ConsoleApp1", "ConsoleApp1\ConsoleApp1.csproj", "{7242BCBA-90FC-4395-ADCC-FE56613A1F9B}"
EndProject
Project("{2150E333-8FDC-42A3-9474-1A3956D46DE8}") = "Application", "Application", "{2930CAC4-D760-490E-AFE9-F9B31EE1C005}"
EndProject
Project("{2150E333-8FDC-42A3-9474-1A3956D46DE8}") = "Foundation", "Foundation", "{BAAD7E1A-FDF1-4602-9C45-0DD04BA3FC4F}"
EndProject
Project("{2150E333-8FDC-42A3-9474-1A3956D46DE8}") = "FileAccess", "FileAccess", "{D86E3BC5-9BB9-41CF-8F57-B4621607090D}"
EndProject
Project("{9A19103F-16F7-4668-BE54-9A1E7A4F7556}") = "Kata.Foundation.FileAccess.Services", "Kata.Foundation.FileAccess.Services\Kata.Foundation.FileAccess.Services.csproj", "{7E34716F-93CB-413F-A84C-8F8F2DE77D0E}"
EndProject
Project("{9A19103F-16F7-4668-BE54-9A1E7A4F7556}") = "Kata.Foundation.FileAccess.Interfaces", "Kata.Foundation.FileAccess.Interfaces\Kata.Foundation.FileAccess.Interfaces.csproj", "{E8F0B669-CD1C-4255-ACB3-8C7A4AFED396}"
EndProject
Project("{9A19103F-16F7-4668-BE54-9A1E7A4F7556}") = "Kata.Foundation.FileAccess.Tests", "Kata.Foundation.FileAccess.Tests\Kata.Foundation.FileAccess.Tests.csproj", "{216B182B-D9CB-433D-801E-EFD840C69AB2}"
EndProject
Project("{9A19103F-16F7-4668-BE54-9A1E7A4F7556}") = "Kata.Foundation.FileAccess.Models", "Kata.Foundation.FileAccess.Models\Kata.Foundation.FileAccess.Models.csproj", "{42D1331B-3E9B-44DA-A5B2-5FE81F9E4F83}"
EndProject
Project("{2150E333-8FDC-42A3-9474-1A3956D46DE8}") = "Features", "Features", "{65CFF337-A804-4D12-AEE6-367C0BE09FF6}"
EndProject
Project("{2150E333-8FDC-42A3-9474-1A3956D46DE8}") = "BankOCR", "BankOCR", "{FA9EF1E0-3F3D-4A75-9237-4425F91EF488}"
EndProject
Project("{9A19103F-16F7-4668-BE54-9A1E7A4F7556}") = "Kata.Features.BankOCR.Parsers", "Kata.Features.BankOCR.PArsers\Kata.Features.BankOCR.Parsers.csproj", "{0D97909A-3742-4868-A0EA-972B8B2CE599}"
EndProject
Project("{2150E333-8FDC-42A3-9474-1A3956D46DE8}") = "QuickNDirtyAlternateSolution", "QuickNDirtyAlternateSolution", "{F64D05B8-CAE5-48B4-8171-47485B564A4E}"
EndProject
Project("{9A19103F-16F7-4668-BE54-9A1E7A4F7556}") = "QuickNDirty", "QuickNDirty\QuickNDirty.csproj", "{F2A93DFD-DAB9-4AD9-A6F0-617F3FEE2BC9}"
EndProject
Project("{2150E333-8FDC-42A3-9474-1A3956D46DE8}") = "CheckSum", "CheckSum", "{A5FD5D9B-D306-424C-867A-0DF4F4C772E0}"
EndProject
Project("{9A19103F-16F7-4668-BE54-9A1E7A4F7556}") = "Kata.Featres.CheckSum.Services", "Kata.Featres.CheckSum.Services\Kata.Featres.CheckSum.Services.csproj", "{0DB91F97-43AD-4CEB-817B-584DBBCE24CB}"
EndProject
Project("{9A19103F-16F7-4668-BE54-9A1E7A4F7556}") = "Kata.Featres.CheckSum.Interfaces", "Kata.Featres.CheckSum.Interfaces\Kata.Featres.CheckSum.Interfaces.csproj", "{D75CB4FB-8CA3-4676-B223-E1E9C566AEB1}"
EndProject
Project("{9A19103F-16F7-4668-BE54-9A1E7A4F7556}") = "Kata.Featres.CheckSum.Tests", "Kata.Featres.CheckSum.Tests\Kata.Featres.CheckSum.Tests.csproj", "{0F51B9CC-0692-4B68-8B7F-E054EDF04970}"
EndProject
Project("{FAE04EC0-301F-11D3-BF4B-00C04F79EFBC}") = "TopLevelTests", "QuickNDirtyTests\TopLevelTests.csproj", "{F48666E7-1619-4C16-AAAB-621793D4D450}"
EndProject
Global
	GlobalSection(SolutionConfigurationPlatforms) = preSolution
		Debug|Any CPU = Debug|Any CPU
		Release|Any CPU = Release|Any CPU
	EndGlobalSection
	GlobalSection(ProjectConfigurationPlatforms) = postSolution
		{2BE577CB-984E-4F58-A070-88D6CDE4C5DF}.Debug|Any CPU.ActiveCfg = Debug|Any CPU
		{2BE577CB-984E-4F58-A070-88D6CDE4C5DF}.Debug|Any CPU.Build.0 = Debug|Any CPU
		{2BE577CB-984E-4F58-A070-88D6CDE4C5DF}.Release|Any CPU.ActiveCfg = Release|Any CPU
		{2BE577CB-984E-4F58-A070-88D6CDE4C5DF}.Release|Any CPU.Build.0 = Release|Any CPU
		{2A08F044-C104-4080-8E8B-97811CD64781}.Debug|Any CPU.ActiveCfg = Debug|Any CPU
		{2A08F044-C104-4080-8E8B-97811CD64781}.Debug|Any CPU.Build.0 = Debug|Any CPU
		{2A08F044-C104-4080-8E8B-97811CD64781}.Release|Any CPU.ActiveCfg = Release|Any CPU
		{2A08F044-C104-4080-8E8B-97811CD64781}.Release|Any CPU.Build.0 = Release|Any CPU
		{1C34524E-4BFD-48BA-9751-E365DF085491}.Debug|Any CPU.ActiveCfg = Debug|Any CPU
		{1C34524E-4BFD-48BA-9751-E365DF085491}.Debug|Any CPU.Build.0 = Debug|Any CPU
		{1C34524E-4BFD-48BA-9751-E365DF085491}.Release|Any CPU.ActiveCfg = Release|Any CPU
		{1C34524E-4BFD-48BA-9751-E365DF085491}.Release|Any CPU.Build.0 = Release|Any CPU
		{99BD73F9-47DA-4B4B-8836-A916B9329ED6}.Debug|Any CPU.ActiveCfg = Debug|Any CPU
		{99BD73F9-47DA-4B4B-8836-A916B9329ED6}.Debug|Any CPU.Build.0 = Debug|Any CPU
		{99BD73F9-47DA-4B4B-8836-A916B9329ED6}.Release|Any CPU.ActiveCfg = Release|Any CPU
		{99BD73F9-47DA-4B4B-8836-A916B9329ED6}.Release|Any CPU.Build.0 = Release|Any CPU
		{7242BCBA-90FC-4395-ADCC-FE56613A1F9B}.Debug|Any CPU.ActiveCfg = Debug|Any CPU
		{7242BCBA-90FC-4395-ADCC-FE56613A1F9B}.Debug|Any CPU.Build.0 = Debug|Any CPU
		{7242BCBA-90FC-4395-ADCC-FE56613A1F9B}.Release|Any CPU.ActiveCfg = Release|Any CPU
		{7242BCBA-90FC-4395-ADCC-FE56613A1F9B}.Release|Any CPU.Build.0 = Release|Any CPU
		{7E34716F-93CB-413F-A84C-8F8F2DE77D0E}.Debug|Any CPU.ActiveCfg = Debug|Any CPU
		{7E34716F-93CB-413F-A84C-8F8F2DE77D0E}.Debug|Any CPU.Build.0 = Debug|Any CPU
		{7E34716F-93CB-413F-A84C-8F8F2DE77D0E}.Release|Any CPU.ActiveCfg = Release|Any CPU
		{7E34716F-93CB-413F-A84C-8F8F2DE77D0E}.Release|Any CPU.Build.0 = Release|Any CPU
		{E8F0B669-CD1C-4255-ACB3-8C7A4AFED396}.Debug|Any CPU.ActiveCfg = Debug|Any CPU
		{E8F0B669-CD1C-4255-ACB3-8C7A4AFED396}.Debug|Any CPU.Build.0 = Debug|Any CPU
		{E8F0B669-CD1C-4255-ACB3-8C7A4AFED396}.Release|Any CPU.ActiveCfg = Release|Any CPU
		{E8F0B669-CD1C-4255-ACB3-8C7A4AFED396}.Release|Any CPU.Build.0 = Release|Any CPU
		{216B182B-D9CB-433D-801E-EFD840C69AB2}.Debug|Any CPU.ActiveCfg = Debug|Any CPU
		{216B182B-D9CB-433D-801E-EFD840C69AB2}.Debug|Any CPU.Build.0 = Debug|Any CPU
		{216B182B-D9CB-433D-801E-EFD840C69AB2}.Release|Any CPU.ActiveCfg = Release|Any CPU
		{216B182B-D9CB-433D-801E-EFD840C69AB2}.Release|Any CPU.Build.0 = Release|Any CPU
		{42D1331B-3E9B-44DA-A5B2-5FE81F9E4F83}.Debug|Any CPU.ActiveCfg = Debug|Any CPU
		{42D1331B-3E9B-44DA-A5B2-5FE81F9E4F83}.Debug|Any CPU.Build.0 = Debug|Any CPU
		{42D1331B-3E9B-44DA-A5B2-5FE81F9E4F83}.Release|Any CPU.ActiveCfg = Release|Any CPU
		{42D1331B-3E9B-44DA-A5B2-5FE81F9E4F83}.Release|Any CPU.Build.0 = Release|Any CPU
		{0D97909A-3742-4868-A0EA-972B8B2CE599}.Debug|Any CPU.ActiveCfg = Debug|Any CPU
		{0D97909A-3742-4868-A0EA-972B8B2CE599}.Debug|Any CPU.Build.0 = Debug|Any CPU
		{0D97909A-3742-4868-A0EA-972B8B2CE599}.Release|Any CPU.ActiveCfg = Release|Any CPU
		{0D97909A-3742-4868-A0EA-972B8B2CE599}.Release|Any CPU.Build.0 = Release|Any CPU
		{F2A93DFD-DAB9-4AD9-A6F0-617F3FEE2BC9}.Debug|Any CPU.ActiveCfg = Debug|Any CPU
		{F2A93DFD-DAB9-4AD9-A6F0-617F3FEE2BC9}.Debug|Any CPU.Build.0 = Debug|Any CPU
		{F2A93DFD-DAB9-4AD9-A6F0-617F3FEE2BC9}.Release|Any CPU.ActiveCfg = Release|Any CPU
		{F2A93DFD-DAB9-4AD9-A6F0-617F3FEE2BC9}.Release|Any CPU.Build.0 = Release|Any CPU
		{0DB91F97-43AD-4CEB-817B-584DBBCE24CB}.Debug|Any CPU.ActiveCfg = Debug|Any CPU
		{0DB91F97-43AD-4CEB-817B-584DBBCE24CB}.Debug|Any CPU.Build.0 = Debug|Any CPU
		{0DB91F97-43AD-4CEB-817B-584DBBCE24CB}.Release|Any CPU.ActiveCfg = Release|Any CPU
		{0DB91F97-43AD-4CEB-817B-584DBBCE24CB}.Release|Any CPU.Build.0 = Release|Any CPU
		{D75CB4FB-8CA3-4676-B223-E1E9C566AEB1}.Debug|Any CPU.ActiveCfg = Debug|Any CPU
		{D75CB4FB-8CA3-4676-B223-E1E9C566AEB1}.Debug|Any CPU.Build.0 = Debug|Any CPU
		{D75CB4FB-8CA3-4676-B223-E1E9C566AEB1}.Release|Any CPU.ActiveCfg = Release|Any CPU
		{D75CB4FB-8CA3-4676-B223-E1E9C566AEB1}.Release|Any CPU.Build.0 = Release|Any CPU
		{0F51B9CC-0692-4B68-8B7F-E054EDF04970}.Debug|Any CPU.ActiveCfg = Debug|Any CPU
		{0F51B9CC-0692-4B68-8B7F-E054EDF04970}.Debug|Any CPU.Build.0 = Debug|Any CPU
		{0F51B9CC-0692-4B68-8B7F-E054EDF04970}.Release|Any CPU.ActiveCfg = Release|Any CPU
		{0F51B9CC-0692-4B68-8B7F-E054EDF04970}.Release|Any CPU.Build.0 = Release|Any CPU
		{F48666E7-1619-4C16-AAAB-621793D4D450}.Debug|Any CPU.ActiveCfg = Debug|Any CPU
		{F48666E7-1619-4C16-AAAB-621793D4D450}.Debug|Any CPU.Build.0 = Debug|Any CPU
		{F48666E7-1619-4C16-AAAB-621793D4D450}.Release|Any CPU.ActiveCfg = Release|Any CPU
		{F48666E7-1619-4C16-AAAB-621793D4D450}.Release|Any CPU.Build.0 = Release|Any CPU
	EndGlobalSection
	GlobalSection(SolutionProperties) = preSolution
		HideSolutionNode = FALSE
	EndGlobalSection
	GlobalSection(NestedProjects) = preSolution
		{2BE577CB-984E-4F58-A070-88D6CDE4C5DF} = {FA9EF1E0-3F3D-4A75-9237-4425F91EF488}
		{2A08F044-C104-4080-8E8B-97811CD64781} = {FA9EF1E0-3F3D-4A75-9237-4425F91EF488}
		{1C34524E-4BFD-48BA-9751-E365DF085491} = {FA9EF1E0-3F3D-4A75-9237-4425F91EF488}
		{99BD73F9-47DA-4B4B-8836-A916B9329ED6} = {FA9EF1E0-3F3D-4A75-9237-4425F91EF488}
		{7242BCBA-90FC-4395-ADCC-FE56613A1F9B} = {2930CAC4-D760-490E-AFE9-F9B31EE1C005}
		{D86E3BC5-9BB9-41CF-8F57-B4621607090D} = {BAAD7E1A-FDF1-4602-9C45-0DD04BA3FC4F}
		{7E34716F-93CB-413F-A84C-8F8F2DE77D0E} = {D86E3BC5-9BB9-41CF-8F57-B4621607090D}
		{E8F0B669-CD1C-4255-ACB3-8C7A4AFED396} = {D86E3BC5-9BB9-41CF-8F57-B4621607090D}
		{216B182B-D9CB-433D-801E-EFD840C69AB2} = {D86E3BC5-9BB9-41CF-8F57-B4621607090D}
		{42D1331B-3E9B-44DA-A5B2-5FE81F9E4F83} = {D86E3BC5-9BB9-41CF-8F57-B4621607090D}
		{FA9EF1E0-3F3D-4A75-9237-4425F91EF488} = {65CFF337-A804-4D12-AEE6-367C0BE09FF6}
		{0D97909A-3742-4868-A0EA-972B8B2CE599} = {FA9EF1E0-3F3D-4A75-9237-4425F91EF488}
		{F2A93DFD-DAB9-4AD9-A6F0-617F3FEE2BC9} = {F64D05B8-CAE5-48B4-8171-47485B564A4E}
		{A5FD5D9B-D306-424C-867A-0DF4F4C772E0} = {65CFF337-A804-4D12-AEE6-367C0BE09FF6}
		{0DB91F97-43AD-4CEB-817B-584DBBCE24CB} = {A5FD5D9B-D306-424C-867A-0DF4F4C772E0}
		{D75CB4FB-8CA3-4676-B223-E1E9C566AEB1} = {A5FD5D9B-D306-424C-867A-0DF4F4C772E0}
		{0F51B9CC-0692-4B68-8B7F-E054EDF04970} = {A5FD5D9B-D306-424C-867A-0DF4F4C772E0}
		{F48666E7-1619-4C16-AAAB-621793D4D450} = {2930CAC4-D760-490E-AFE9-F9B31EE1C005}
	EndGlobalSection
	GlobalSection(ExtensibilityGlobals) = postSolution
		SolutionGuid = {154F6EA9-EAD2-46D6-990F-363EC51F1E07}
	EndGlobalSection
EndGlobal
